
Microsoft Visual Studio Solution File, Format Version 12.00
# Visual Studio Version 16
VisualStudioVersion = 16.0.29403.142
MinimumVisualStudioVersion = 10.0.40219.1
Project("{FAE04EC0-301F-11D3-BF4B-00C04F79EFBC}") = "Korea", "Korea\Korea.csproj", "{2F2D0DCE-1940-41B3-B42C-47D99D2D6B72}"
EndProject
Project("{FAE04EC0-301F-11D3-BF4B-00C04F79EFBC}") = "Components", "Components\Components.csproj", "{8E8BD3E6-1398-4623-8B72-27446CF02D1B}"
EndProject
Project("{FAE04EC0-301F-11D3-BF4B-00C04F79EFBC}") = "DataSource", "DataSource\DataSource.csproj", "{95AD1ED1-9C4B-42AF-9333-0BE36CE1567D}"
EndProject
Global
	GlobalSection(SolutionConfigurationPlatforms) = preSolution
		Debug|Any CPU = Debug|Any CPU
		Release|Any CPU = Release|Any CPU
	EndGlobalSection
	GlobalSection(ProjectConfigurationPlatforms) = postSolution
		{2F2D0DCE-1940-41B3-B42C-47D99D2D6B72}.Debug|Any CPU.ActiveCfg = Debug|Any CPU
		{2F2D0DCE-1940-41B3-B42C-47D99D2D6B72}.Debug|Any CPU.Build.0 = Debug|Any CPU
		{2F2D0DCE-1940-41B3-B42C-47D99D2D6B72}.Release|Any CPU.ActiveCfg = Release|Any CPU
		{2F2D0DCE-1940-41B3-B42C-47D99D2D6B72}.Release|Any CPU.Build.0 = Release|Any CPU
		{8E8BD3E6-1398-4623-8B72-27446CF02D1B}.Debug|Any CPU.ActiveCfg = Debug|Any CPU
		{8E8BD3E6-1398-4623-8B72-27446CF02D1B}.Debug|Any CPU.Build.0 = Debug|Any CPU
		{8E8BD3E6-1398-4623-8B72-27446CF02D1B}.Release|Any CPU.ActiveCfg = Release|Any CPU
		{8E8BD3E6-1398-4623-8B72-27446CF02D1B}.Release|Any CPU.Build.0 = Release|Any CPU
		{95AD1ED1-9C4B-42AF-9333-0BE36CE1567D}.Debug|Any CPU.ActiveCfg = Debug|Any CPU
		{95AD1ED1-9C4B-42AF-9333-0BE36CE1567D}.Debug|Any CPU.Build.0 = Debug|Any CPU
		{95AD1ED1-9C4B-42AF-9333-0BE36CE1567D}.Release|Any CPU.ActiveCfg = Release|Any CPU
		{95AD1ED1-9C4B-42AF-9333-0BE36CE1567D}.Release|Any CPU.Build.0 = Release|Any CPU
	EndGlobalSection
	GlobalSection(SolutionProperties) = preSolution
		HideSolutionNode = FALSE
	EndGlobalSection
	GlobalSection(ExtensibilityGlobals) = postSolution
		SolutionGuid = {3E45785D-8737-40D9-B5CE-2CF33D65C153}
	EndGlobalSection
EndGlobal
